
Microsoft Visual Studio Solution File, Format Version 12.00
# Visual Studio Version 16
VisualStudioVersion = 16.0.30413.136
MinimumVisualStudioVersion = 10.0.40219.1
Project("{FAE04EC0-301F-11D3-BF4B-00C04F79EFBC}") = "TheCostsOfTheCar.UWP", "TheCostsOfTheCar\TheCostsOfTheCar.UWP\TheCostsOfTheCar.UWP.csproj", "{864F7D48-D75D-45D0-AAF9-9E4613B187AA}"
	ProjectSection(ProjectDependencies) = postProject
		{3E42C733-F9F6-426D-9620-F636E3424EFE} = {3E42C733-F9F6-426D-9620-F636E3424EFE}
	EndProjectSection
EndProject
Project("{FAE04EC0-301F-11D3-BF4B-00C04F79EFBC}") = "TheCostsOfTheCar.Android", "TheCostsOfTheCar\TheCostsOfTheCar.Android\TheCostsOfTheCar.Android.csproj", "{63DB2F4A-7FB7-48C2-8B4D-BF9EA7621E38}"
	ProjectSection(ProjectDependencies) = postProject
		{3E42C733-F9F6-426D-9620-F636E3424EFE} = {3E42C733-F9F6-426D-9620-F636E3424EFE}
	EndProjectSection
EndProject
Project("{FAE04EC0-301F-11D3-BF4B-00C04F79EFBC}") = "TheCostsOfTheCar.iOS", "TheCostsOfTheCar\TheCostsOfTheCar.iOS\TheCostsOfTheCar.iOS.csproj", "{42080B15-11F8-4819-8204-FDDC546BBD82}"
	ProjectSection(ProjectDependencies) = postProject
		{3E42C733-F9F6-426D-9620-F636E3424EFE} = {3E42C733-F9F6-426D-9620-F636E3424EFE}
	EndProjectSection
EndProject
Project("{9A19103F-16F7-4668-BE54-9A1E7A4F7556}") = "TheCostsOfTheCar", "TheCostsOfTheCar\TheCostsOfTheCar\TheCostsOfTheCar.csproj", "{8CD7D972-2D60-47D4-815C-92DD3B52F839}"
	ProjectSection(ProjectDependencies) = postProject
		{3E42C733-F9F6-426D-9620-F636E3424EFE} = {3E42C733-F9F6-426D-9620-F636E3424EFE}
		{C018EF65-B6AA-4DAD-BD2F-282EA6333C04} = {C018EF65-B6AA-4DAD-BD2F-282EA6333C04}
	EndProjectSection
EndProject
Project("{9A19103F-16F7-4668-BE54-9A1E7A4F7556}") = "SQLiteRepository", "SQLiteRepository\SQLiteRepository.csproj", "{C018EF65-B6AA-4DAD-BD2F-282EA6333C04}"
EndProject
Project("{9A19103F-16F7-4668-BE54-9A1E7A4F7556}") = "Common", "Common\Common.csproj", "{A9AE8689-11F5-4642-A9F4-72C500DC6459}"
EndProject
Project("{9A19103F-16F7-4668-BE54-9A1E7A4F7556}") = "TestConsoleApp", "TestConsoleApp\TestConsoleApp.csproj", "{E8190803-5033-41E9-BA74-7F865ADBB43D}"
	ProjectSection(ProjectDependencies) = postProject
		{C018EF65-B6AA-4DAD-BD2F-282EA6333C04} = {C018EF65-B6AA-4DAD-BD2F-282EA6333C04}
		{A9AE8689-11F5-4642-A9F4-72C500DC6459} = {A9AE8689-11F5-4642-A9F4-72C500DC6459}
	EndProjectSection
EndProject
Project("{9A19103F-16F7-4668-BE54-9A1E7A4F7556}") = "ViewModel", "ViewModel\ViewModel.csproj", "{3E42C733-F9F6-426D-9620-F636E3424EFE}"
	ProjectSection(ProjectDependencies) = postProject
		{C018EF65-B6AA-4DAD-BD2F-282EA6333C04} = {C018EF65-B6AA-4DAD-BD2F-282EA6333C04}
	EndProjectSection
EndProject
Global
	GlobalSection(SolutionConfigurationPlatforms) = preSolution
		Debug|Any CPU = Debug|Any CPU
		Debug|ARM = Debug|ARM
		Debug|iPhone = Debug|iPhone
		Debug|iPhoneSimulator = Debug|iPhoneSimulator
		Debug|x64 = Debug|x64
		Debug|x86 = Debug|x86
		Release|Any CPU = Release|Any CPU
		Release|ARM = Release|ARM
		Release|iPhone = Release|iPhone
		Release|iPhoneSimulator = Release|iPhoneSimulator
		Release|x64 = Release|x64
		Release|x86 = Release|x86
	EndGlobalSection
	GlobalSection(ProjectConfigurationPlatforms) = postSolution
		{864F7D48-D75D-45D0-AAF9-9E4613B187AA}.Debug|Any CPU.ActiveCfg = Debug|x86
		{864F7D48-D75D-45D0-AAF9-9E4613B187AA}.Debug|Any CPU.Build.0 = Debug|x86
		{864F7D48-D75D-45D0-AAF9-9E4613B187AA}.Debug|Any CPU.Deploy.0 = Debug|x86
		{864F7D48-D75D-45D0-AAF9-9E4613B187AA}.Debug|ARM.ActiveCfg = Debug|ARM
		{864F7D48-D75D-45D0-AAF9-9E4613B187AA}.Debug|ARM.Build.0 = Debug|ARM
		{864F7D48-D75D-45D0-AAF9-9E4613B187AA}.Debug|ARM.Deploy.0 = Debug|ARM
		{864F7D48-D75D-45D0-AAF9-9E4613B187AA}.Debug|iPhone.ActiveCfg = Debug|x86
		{864F7D48-D75D-45D0-AAF9-9E4613B187AA}.Debug|iPhone.Build.0 = Debug|x86
		{864F7D48-D75D-45D0-AAF9-9E4613B187AA}.Debug|iPhone.Deploy.0 = Debug|x86
		{864F7D48-D75D-45D0-AAF9-9E4613B187AA}.Debug|iPhoneSimulator.ActiveCfg = Debug|x86
		{864F7D48-D75D-45D0-AAF9-9E4613B187AA}.Debug|iPhoneSimulator.Build.0 = Debug|x86
		{864F7D48-D75D-45D0-AAF9-9E4613B187AA}.Debug|iPhoneSimulator.Deploy.0 = Debug|x86
		{864F7D48-D75D-45D0-AAF9-9E4613B187AA}.Debug|x64.ActiveCfg = Debug|x64
		{864F7D48-D75D-45D0-AAF9-9E4613B187AA}.Debug|x64.Build.0 = Debug|x64
		{864F7D48-D75D-45D0-AAF9-9E4613B187AA}.Debug|x64.Deploy.0 = Debug|x64
		{864F7D48-D75D-45D0-AAF9-9E4613B187AA}.Debug|x86.ActiveCfg = Debug|x86
		{864F7D48-D75D-45D0-AAF9-9E4613B187AA}.Debug|x86.Build.0 = Debug|x86
		{864F7D48-D75D-45D0-AAF9-9E4613B187AA}.Debug|x86.Deploy.0 = Debug|x86
		{864F7D48-D75D-45D0-AAF9-9E4613B187AA}.Release|Any CPU.ActiveCfg = Release|x86
		{864F7D48-D75D-45D0-AAF9-9E4613B187AA}.Release|Any CPU.Build.0 = Release|x86
		{864F7D48-D75D-45D0-AAF9-9E4613B187AA}.Release|Any CPU.Deploy.0 = Release|x86
		{864F7D48-D75D-45D0-AAF9-9E4613B187AA}.Release|ARM.ActiveCfg = Release|ARM
		{864F7D48-D75D-45D0-AAF9-9E4613B187AA}.Release|ARM.Build.0 = Release|ARM
		{864F7D48-D75D-45D0-AAF9-9E4613B187AA}.Release|ARM.Deploy.0 = Release|ARM
		{864F7D48-D75D-45D0-AAF9-9E4613B187AA}.Release|iPhone.ActiveCfg = Release|x86
		{864F7D48-D75D-45D0-AAF9-9E4613B187AA}.Release|iPhone.Build.0 = Release|x86
		{864F7D48-D75D-45D0-AAF9-9E4613B187AA}.Release|iPhone.Deploy.0 = Release|x86
		{864F7D48-D75D-45D0-AAF9-9E4613B187AA}.Release|iPhoneSimulator.ActiveCfg = Release|x86
		{864F7D48-D75D-45D0-AAF9-9E4613B187AA}.Release|iPhoneSimulator.Build.0 = Release|x86
		{864F7D48-D75D-45D0-AAF9-9E4613B187AA}.Release|iPhoneSimulator.Deploy.0 = Release|x86
		{864F7D48-D75D-45D0-AAF9-9E4613B187AA}.Release|x64.ActiveCfg = Release|x64
		{864F7D48-D75D-45D0-AAF9-9E4613B187AA}.Release|x64.Build.0 = Release|x64
		{864F7D48-D75D-45D0-AAF9-9E4613B187AA}.Release|x64.Deploy.0 = Release|x64
		{864F7D48-D75D-45D0-AAF9-9E4613B187AA}.Release|x86.ActiveCfg = Release|x86
		{864F7D48-D75D-45D0-AAF9-9E4613B187AA}.Release|x86.Build.0 = Release|x86
		{864F7D48-D75D-45D0-AAF9-9E4613B187AA}.Release|x86.Deploy.0 = Release|x86
		{63DB2F4A-7FB7-48C2-8B4D-BF9EA7621E38}.Debug|Any CPU.ActiveCfg = Debug|Any CPU
		{63DB2F4A-7FB7-48C2-8B4D-BF9EA7621E38}.Debug|Any CPU.Build.0 = Debug|Any CPU
		{63DB2F4A-7FB7-48C2-8B4D-BF9EA7621E38}.Debug|Any CPU.Deploy.0 = Debug|Any CPU
		{63DB2F4A-7FB7-48C2-8B4D-BF9EA7621E38}.Debug|ARM.ActiveCfg = Debug|Any CPU
		{63DB2F4A-7FB7-48C2-8B4D-BF9EA7621E38}.Debug|ARM.Build.0 = Debug|Any CPU
		{63DB2F4A-7FB7-48C2-8B4D-BF9EA7621E38}.Debug|ARM.Deploy.0 = Debug|Any CPU
		{63DB2F4A-7FB7-48C2-8B4D-BF9EA7621E38}.Debug|iPhone.ActiveCfg = Debug|Any CPU
		{63DB2F4A-7FB7-48C2-8B4D-BF9EA7621E38}.Debug|iPhone.Build.0 = Debug|Any CPU
		{63DB2F4A-7FB7-48C2-8B4D-BF9EA7621E38}.Debug|iPhone.Deploy.0 = Debug|Any CPU
		{63DB2F4A-7FB7-48C2-8B4D-BF9EA7621E38}.Debug|iPhoneSimulator.ActiveCfg = Debug|Any CPU
		{63DB2F4A-7FB7-48C2-8B4D-BF9EA7621E38}.Debug|iPhoneSimulator.Build.0 = Debug|Any CPU
		{63DB2F4A-7FB7-48C2-8B4D-BF9EA7621E38}.Debug|iPhoneSimulator.Deploy.0 = Debug|Any CPU
		{63DB2F4A-7FB7-48C2-8B4D-BF9EA7621E38}.Debug|x64.ActiveCfg = Debug|Any CPU
		{63DB2F4A-7FB7-48C2-8B4D-BF9EA7621E38}.Debug|x64.Build.0 = Debug|Any CPU
		{63DB2F4A-7FB7-48C2-8B4D-BF9EA7621E38}.Debug|x64.Deploy.0 = Debug|Any CPU
		{63DB2F4A-7FB7-48C2-8B4D-BF9EA7621E38}.Debug|x86.ActiveCfg = Debug|Any CPU
		{63DB2F4A-7FB7-48C2-8B4D-BF9EA7621E38}.Debug|x86.Build.0 = Debug|Any CPU
		{63DB2F4A-7FB7-48C2-8B4D-BF9EA7621E38}.Debug|x86.Deploy.0 = Debug|Any CPU
		{63DB2F4A-7FB7-48C2-8B4D-BF9EA7621E38}.Release|Any CPU.ActiveCfg = Release|Any CPU
		{63DB2F4A-7FB7-48C2-8B4D-BF9EA7621E38}.Release|Any CPU.Build.0 = Release|Any CPU
		{63DB2F4A-7FB7-48C2-8B4D-BF9EA7621E38}.Release|Any CPU.Deploy.0 = Release|Any CPU
		{63DB2F4A-7FB7-48C2-8B4D-BF9EA7621E38}.Release|ARM.ActiveCfg = Release|Any CPU
		{63DB2F4A-7FB7-48C2-8B4D-BF9EA7621E38}.Release|ARM.Build.0 = Release|Any CPU
		{63DB2F4A-7FB7-48C2-8B4D-BF9EA7621E38}.Release|ARM.Deploy.0 = Release|Any CPU
		{63DB2F4A-7FB7-48C2-8B4D-BF9EA7621E38}.Release|iPhone.ActiveCfg = Release|Any CPU
		{63DB2F4A-7FB7-48C2-8B4D-BF9EA7621E38}.Release|iPhone.Build.0 = Release|Any CPU
		{63DB2F4A-7FB7-48C2-8B4D-BF9EA7621E38}.Release|iPhone.Deploy.0 = Release|Any CPU
		{63DB2F4A-7FB7-48C2-8B4D-BF9EA7621E38}.Release|iPhoneSimulator.ActiveCfg = Release|Any CPU
		{63DB2F4A-7FB7-48C2-8B4D-BF9EA7621E38}.Release|iPhoneSimulator.Build.0 = Release|Any CPU
		{63DB2F4A-7FB7-48C2-8B4D-BF9EA7621E38}.Release|iPhoneSimulator.Deploy.0 = Release|Any CPU
		{63DB2F4A-7FB7-48C2-8B4D-BF9EA7621E38}.Release|x64.ActiveCfg = Release|Any CPU
		{63DB2F4A-7FB7-48C2-8B4D-BF9EA7621E38}.Release|x64.Build.0 = Release|Any CPU
		{63DB2F4A-7FB7-48C2-8B4D-BF9EA7621E38}.Release|x64.Deploy.0 = Release|Any CPU
		{63DB2F4A-7FB7-48C2-8B4D-BF9EA7621E38}.Release|x86.ActiveCfg = Release|Any CPU
		{63DB2F4A-7FB7-48C2-8B4D-BF9EA7621E38}.Release|x86.Build.0 = Release|Any CPU
		{63DB2F4A-7FB7-48C2-8B4D-BF9EA7621E38}.Release|x86.Deploy.0 = Release|Any CPU
		{42080B15-11F8-4819-8204-FDDC546BBD82}.Debug|Any CPU.ActiveCfg = Debug|iPhone
		{42080B15-11F8-4819-8204-FDDC546BBD82}.Debug|Any CPU.Build.0 = Debug|iPhone
		{42080B15-11F8-4819-8204-FDDC546BBD82}.Debug|Any CPU.Deploy.0 = Debug|iPhone
		{42080B15-11F8-4819-8204-FDDC546BBD82}.Debug|ARM.ActiveCfg = Debug|iPhone
		{42080B15-11F8-4819-8204-FDDC546BBD82}.Debug|ARM.Build.0 = Debug|iPhone
		{42080B15-11F8-4819-8204-FDDC546BBD82}.Debug|ARM.Deploy.0 = Debug|iPhone
		{42080B15-11F8-4819-8204-FDDC546BBD82}.Debug|iPhone.ActiveCfg = Debug|iPhone
		{42080B15-11F8-4819-8204-FDDC546BBD82}.Debug|iPhone.Build.0 = Debug|iPhone
		{42080B15-11F8-4819-8204-FDDC546BBD82}.Debug|iPhone.Deploy.0 = Debug|iPhone
		{42080B15-11F8-4819-8204-FDDC546BBD82}.Debug|iPhoneSimulator.ActiveCfg = Debug|iPhoneSimulator
		{42080B15-11F8-4819-8204-FDDC546BBD82}.Debug|iPhoneSimulator.Build.0 = Debug|iPhoneSimulator
		{42080B15-11F8-4819-8204-FDDC546BBD82}.Debug|iPhoneSimulator.Deploy.0 = Debug|iPhoneSimulator
		{42080B15-11F8-4819-8204-FDDC546BBD82}.Debug|x64.ActiveCfg = Debug|iPhone
		{42080B15-11F8-4819-8204-FDDC546BBD82}.Debug|x64.Build.0 = Debug|iPhone
		{42080B15-11F8-4819-8204-FDDC546BBD82}.Debug|x64.Deploy.0 = Debug|iPhone
		{42080B15-11F8-4819-8204-FDDC546BBD82}.Debug|x86.ActiveCfg = Debug|iPhone
		{42080B15-11F8-4819-8204-FDDC546BBD82}.Debug|x86.Build.0 = Debug|iPhone
		{42080B15-11F8-4819-8204-FDDC546BBD82}.Debug|x86.Deploy.0 = Debug|iPhone
		{42080B15-11F8-4819-8204-FDDC546BBD82}.Release|Any CPU.ActiveCfg = Release|iPhone
		{42080B15-11F8-4819-8204-FDDC546BBD82}.Release|Any CPU.Build.0 = Release|iPhone
		{42080B15-11F8-4819-8204-FDDC546BBD82}.Release|Any CPU.Deploy.0 = Release|iPhone
		{42080B15-11F8-4819-8204-FDDC546BBD82}.Release|ARM.ActiveCfg = Release|iPhone
		{42080B15-11F8-4819-8204-FDDC546BBD82}.Release|ARM.Build.0 = Release|iPhone
		{42080B15-11F8-4819-8204-FDDC546BBD82}.Release|ARM.Deploy.0 = Release|iPhone
		{42080B15-11F8-4819-8204-FDDC546BBD82}.Release|iPhone.ActiveCfg = Release|iPhone
		{42080B15-11F8-4819-8204-FDDC546BBD82}.Release|iPhone.Build.0 = Release|iPhone
		{42080B15-11F8-4819-8204-FDDC546BBD82}.Release|iPhone.Deploy.0 = Release|iPhone
		{42080B15-11F8-4819-8204-FDDC546BBD82}.Release|iPhoneSimulator.ActiveCfg = Release|iPhoneSimulator
		{42080B15-11F8-4819-8204-FDDC546BBD82}.Release|iPhoneSimulator.Build.0 = Release|iPhoneSimulator
		{42080B15-11F8-4819-8204-FDDC546BBD82}.Release|iPhoneSimulator.Deploy.0 = Release|iPhoneSimulator
		{42080B15-11F8-4819-8204-FDDC546BBD82}.Release|x64.ActiveCfg = Release|iPhone
		{42080B15-11F8-4819-8204-FDDC546BBD82}.Release|x64.Build.0 = Release|iPhone
		{42080B15-11F8-4819-8204-FDDC546BBD82}.Release|x64.Deploy.0 = Release|iPhone
		{42080B15-11F8-4819-8204-FDDC546BBD82}.Release|x86.ActiveCfg = Release|iPhone
		{42080B15-11F8-4819-8204-FDDC546BBD82}.Release|x86.Build.0 = Release|iPhone
		{42080B15-11F8-4819-8204-FDDC546BBD82}.Release|x86.Deploy.0 = Release|iPhone
		{8CD7D972-2D60-47D4-815C-92DD3B52F839}.Debug|Any CPU.ActiveCfg = Debug|Any CPU
		{8CD7D972-2D60-47D4-815C-92DD3B52F839}.Debug|Any CPU.Build.0 = Debug|Any CPU
		{8CD7D972-2D60-47D4-815C-92DD3B52F839}.Debug|Any CPU.Deploy.0 = Debug|Any CPU
		{8CD7D972-2D60-47D4-815C-92DD3B52F839}.Debug|ARM.ActiveCfg = Debug|Any CPU
		{8CD7D972-2D60-47D4-815C-92DD3B52F839}.Debug|ARM.Build.0 = Debug|Any CPU
		{8CD7D972-2D60-47D4-815C-92DD3B52F839}.Debug|ARM.Deploy.0 = Debug|Any CPU
		{8CD7D972-2D60-47D4-815C-92DD3B52F839}.Debug|iPhone.ActiveCfg = Debug|Any CPU
		{8CD7D972-2D60-47D4-815C-92DD3B52F839}.Debug|iPhone.Build.0 = Debug|Any CPU
		{8CD7D972-2D60-47D4-815C-92DD3B52F839}.Debug|iPhone.Deploy.0 = Debug|Any CPU
		{8CD7D972-2D60-47D4-815C-92DD3B52F839}.Debug|iPhoneSimulator.ActiveCfg = Debug|Any CPU
		{8CD7D972-2D60-47D4-815C-92DD3B52F839}.Debug|iPhoneSimulator.Build.0 = Debug|Any CPU
		{8CD7D972-2D60-47D4-815C-92DD3B52F839}.Debug|iPhoneSimulator.Deploy.0 = Debug|Any CPU
		{8CD7D972-2D60-47D4-815C-92DD3B52F839}.Debug|x64.ActiveCfg = Debug|Any CPU
		{8CD7D972-2D60-47D4-815C-92DD3B52F839}.Debug|x64.Build.0 = Debug|Any CPU
		{8CD7D972-2D60-47D4-815C-92DD3B52F839}.Debug|x64.Deploy.0 = Debug|Any CPU
		{8CD7D972-2D60-47D4-815C-92DD3B52F839}.Debug|x86.ActiveCfg = Debug|Any CPU
		{8CD7D972-2D60-47D4-815C-92DD3B52F839}.Debug|x86.Build.0 = Debug|Any CPU
		{8CD7D972-2D60-47D4-815C-92DD3B52F839}.Debug|x86.Deploy.0 = Debug|Any CPU
		{8CD7D972-2D60-47D4-815C-92DD3B52F839}.Release|Any CPU.ActiveCfg = Release|Any CPU
		{8CD7D972-2D60-47D4-815C-92DD3B52F839}.Release|Any CPU.Build.0 = Release|Any CPU
		{8CD7D972-2D60-47D4-815C-92DD3B52F839}.Release|Any CPU.Deploy.0 = Release|Any CPU
		{8CD7D972-2D60-47D4-815C-92DD3B52F839}.Release|ARM.ActiveCfg = Release|Any CPU
		{8CD7D972-2D60-47D4-815C-92DD3B52F839}.Release|ARM.Build.0 = Release|Any CPU
		{8CD7D972-2D60-47D4-815C-92DD3B52F839}.Release|ARM.Deploy.0 = Release|Any CPU
		{8CD7D972-2D60-47D4-815C-92DD3B52F839}.Release|iPhone.ActiveCfg = Release|Any CPU
		{8CD7D972-2D60-47D4-815C-92DD3B52F839}.Release|iPhone.Build.0 = Release|Any CPU
		{8CD7D972-2D60-47D4-815C-92DD3B52F839}.Release|iPhone.Deploy.0 = Release|Any CPU
		{8CD7D972-2D60-47D4-815C-92DD3B52F839}.Release|iPhoneSimulator.ActiveCfg = Release|Any CPU
		{8CD7D972-2D60-47D4-815C-92DD3B52F839}.Release|iPhoneSimulator.Build.0 = Release|Any CPU
		{8CD7D972-2D60-47D4-815C-92DD3B52F839}.Release|iPhoneSimulator.Deploy.0 = Release|Any CPU
		{8CD7D972-2D60-47D4-815C-92DD3B52F839}.Release|x64.ActiveCfg = Release|Any CPU
		{8CD7D972-2D60-47D4-815C-92DD3B52F839}.Release|x64.Build.0 = Release|Any CPU
		{8CD7D972-2D60-47D4-815C-92DD3B52F839}.Release|x64.Deploy.0 = Release|Any CPU
		{8CD7D972-2D60-47D4-815C-92DD3B52F839}.Release|x86.ActiveCfg = Release|Any CPU
		{8CD7D972-2D60-47D4-815C-92DD3B52F839}.Release|x86.Build.0 = Release|Any CPU
		{8CD7D972-2D60-47D4-815C-92DD3B52F839}.Release|x86.Deploy.0 = Release|Any CPU
		{C018EF65-B6AA-4DAD-BD2F-282EA6333C04}.Debug|Any CPU.ActiveCfg = Debug|Any CPU
		{C018EF65-B6AA-4DAD-BD2F-282EA6333C04}.Debug|Any CPU.Build.0 = Debug|Any CPU
		{C018EF65-B6AA-4DAD-BD2F-282EA6333C04}.Debug|ARM.ActiveCfg = Debug|Any CPU
		{C018EF65-B6AA-4DAD-BD2F-282EA6333C04}.Debug|ARM.Build.0 = Debug|Any CPU
		{C018EF65-B6AA-4DAD-BD2F-282EA6333C04}.Debug|iPhone.ActiveCfg = Debug|Any CPU
		{C018EF65-B6AA-4DAD-BD2F-282EA6333C04}.Debug|iPhone.Build.0 = Debug|Any CPU
		{C018EF65-B6AA-4DAD-BD2F-282EA6333C04}.Debug|iPhoneSimulator.ActiveCfg = Debug|Any CPU
		{C018EF65-B6AA-4DAD-BD2F-282EA6333C04}.Debug|iPhoneSimulator.Build.0 = Debug|Any CPU
		{C018EF65-B6AA-4DAD-BD2F-282EA6333C04}.Debug|x64.ActiveCfg = Debug|Any CPU
		{C018EF65-B6AA-4DAD-BD2F-282EA6333C04}.Debug|x64.Build.0 = Debug|Any CPU
		{C018EF65-B6AA-4DAD-BD2F-282EA6333C04}.Debug|x86.ActiveCfg = Debug|Any CPU
		{C018EF65-B6AA-4DAD-BD2F-282EA6333C04}.Debug|x86.Build.0 = Debug|Any CPU
		{C018EF65-B6AA-4DAD-BD2F-282EA6333C04}.Release|Any CPU.ActiveCfg = Release|Any CPU
		{C018EF65-B6AA-4DAD-BD2F-282EA6333C04}.Release|Any CPU.Build.0 = Release|Any CPU
		{C018EF65-B6AA-4DAD-BD2F-282EA6333C04}.Release|ARM.ActiveCfg = Release|Any CPU
		{C018EF65-B6AA-4DAD-BD2F-282EA6333C04}.Release|ARM.Build.0 = Release|Any CPU
		{C018EF65-B6AA-4DAD-BD2F-282EA6333C04}.Release|iPhone.ActiveCfg = Release|Any CPU
		{C018EF65-B6AA-4DAD-BD2F-282EA6333C04}.Release|iPhone.Build.0 = Release|Any CPU
		{C018EF65-B6AA-4DAD-BD2F-282EA6333C04}.Release|iPhoneSimulator.ActiveCfg = Release|Any CPU
		{C018EF65-B6AA-4DAD-BD2F-282EA6333C04}.Release|iPhoneSimulator.Build.0 = Release|Any CPU
		{C018EF65-B6AA-4DAD-BD2F-282EA6333C04}.Release|x64.ActiveCfg = Release|Any CPU
		{C018EF65-B6AA-4DAD-BD2F-282EA6333C04}.Release|x64.Build.0 = Release|Any CPU
		{C018EF65-B6AA-4DAD-BD2F-282EA6333C04}.Release|x86.ActiveCfg = Release|Any CPU
		{C018EF65-B6AA-4DAD-BD2F-282EA6333C04}.Release|x86.Build.0 = Release|Any CPU
		{A9AE8689-11F5-4642-A9F4-72C500DC6459}.Debug|Any CPU.ActiveCfg = Debug|Any CPU
		{A9AE8689-11F5-4642-A9F4-72C500DC6459}.Debug|Any CPU.Build.0 = Debug|Any CPU
		{A9AE8689-11F5-4642-A9F4-72C500DC6459}.Debug|ARM.ActiveCfg = Debug|Any CPU
		{A9AE8689-11F5-4642-A9F4-72C500DC6459}.Debug|ARM.Build.0 = Debug|Any CPU
		{A9AE8689-11F5-4642-A9F4-72C500DC6459}.Debug|iPhone.ActiveCfg = Debug|Any CPU
		{A9AE8689-11F5-4642-A9F4-72C500DC6459}.Debug|iPhone.Build.0 = Debug|Any CPU
		{A9AE8689-11F5-4642-A9F4-72C500DC6459}.Debug|iPhoneSimulator.ActiveCfg = Debug|Any CPU
		{A9AE8689-11F5-4642-A9F4-72C500DC6459}.Debug|iPhoneSimulator.Build.0 = Debug|Any CPU
		{A9AE8689-11F5-4642-A9F4-72C500DC6459}.Debug|x64.ActiveCfg = Debug|Any CPU
		{A9AE8689-11F5-4642-A9F4-72C500DC6459}.Debug|x64.Build.0 = Debug|Any CPU
		{A9AE8689-11F5-4642-A9F4-72C500DC6459}.Debug|x86.ActiveCfg = Debug|Any CPU
		{A9AE8689-11F5-4642-A9F4-72C500DC6459}.Debug|x86.Build.0 = Debug|Any CPU
		{A9AE8689-11F5-4642-A9F4-72C500DC6459}.Release|Any CPU.ActiveCfg = Release|Any CPU
		{A9AE8689-11F5-4642-A9F4-72C500DC6459}.Release|Any CPU.Build.0 = Release|Any CPU
		{A9AE8689-11F5-4642-A9F4-72C500DC6459}.Release|ARM.ActiveCfg = Release|Any CPU
		{A9AE8689-11F5-4642-A9F4-72C500DC6459}.Release|ARM.Build.0 = Release|Any CPU
		{A9AE8689-11F5-4642-A9F4-72C500DC6459}.Release|iPhone.ActiveCfg = Release|Any CPU
		{A9AE8689-11F5-4642-A9F4-72C500DC6459}.Release|iPhone.Build.0 = Release|Any CPU
		{A9AE8689-11F5-4642-A9F4-72C500DC6459}.Release|iPhoneSimulator.ActiveCfg = Release|Any CPU
		{A9AE8689-11F5-4642-A9F4-72C500DC6459}.Release|iPhoneSimulator.Build.0 = Release|Any CPU
		{A9AE8689-11F5-4642-A9F4-72C500DC6459}.Release|x64.ActiveCfg = Release|Any CPU
		{A9AE8689-11F5-4642-A9F4-72C500DC6459}.Release|x64.Build.0 = Release|Any CPU
		{A9AE8689-11F5-4642-A9F4-72C500DC6459}.Release|x86.ActiveCfg = Release|Any CPU
		{A9AE8689-11F5-4642-A9F4-72C500DC6459}.Release|x86.Build.0 = Release|Any CPU
		{E8190803-5033-41E9-BA74-7F865ADBB43D}.Debug|Any CPU.ActiveCfg = Debug|Any CPU
		{E8190803-5033-41E9-BA74-7F865ADBB43D}.Debug|Any CPU.Build.0 = Debug|Any CPU
		{E8190803-5033-41E9-BA74-7F865ADBB43D}.Debug|ARM.ActiveCfg = Debug|Any CPU
		{E8190803-5033-41E9-BA74-7F865ADBB43D}.Debug|ARM.Build.0 = Debug|Any CPU
		{E8190803-5033-41E9-BA74-7F865ADBB43D}.Debug|iPhone.ActiveCfg = Debug|Any CPU
		{E8190803-5033-41E9-BA74-7F865ADBB43D}.Debug|iPhone.Build.0 = Debug|Any CPU
		{E8190803-5033-41E9-BA74-7F865ADBB43D}.Debug|iPhoneSimulator.ActiveCfg = Debug|Any CPU
		{E8190803-5033-41E9-BA74-7F865ADBB43D}.Debug|iPhoneSimulator.Build.0 = Debug|Any CPU
		{E8190803-5033-41E9-BA74-7F865ADBB43D}.Debug|x64.ActiveCfg = Debug|Any CPU
		{E8190803-5033-41E9-BA74-7F865ADBB43D}.Debug|x64.Build.0 = Debug|Any CPU
		{E8190803-5033-41E9-BA74-7F865ADBB43D}.Debug|x86.ActiveCfg = Debug|Any CPU
		{E8190803-5033-41E9-BA74-7F865ADBB43D}.Debug|x86.Build.0 = Debug|Any CPU
		{E8190803-5033-41E9-BA74-7F865ADBB43D}.Release|Any CPU.ActiveCfg = Release|Any CPU
		{E8190803-5033-41E9-BA74-7F865ADBB43D}.Release|Any CPU.Build.0 = Release|Any CPU
		{E8190803-5033-41E9-BA74-7F865ADBB43D}.Release|ARM.ActiveCfg = Release|Any CPU
		{E8190803-5033-41E9-BA74-7F865ADBB43D}.Release|ARM.Build.0 = Release|Any CPU
		{E8190803-5033-41E9-BA74-7F865ADBB43D}.Release|iPhone.ActiveCfg = Release|Any CPU
		{E8190803-5033-41E9-BA74-7F865ADBB43D}.Release|iPhone.Build.0 = Release|Any CPU
		{E8190803-5033-41E9-BA74-7F865ADBB43D}.Release|iPhoneSimulator.ActiveCfg = Release|Any CPU
		{E8190803-5033-41E9-BA74-7F865ADBB43D}.Release|iPhoneSimulator.Build.0 = Release|Any CPU
		{E8190803-5033-41E9-BA74-7F865ADBB43D}.Release|x64.ActiveCfg = Release|Any CPU
		{E8190803-5033-41E9-BA74-7F865ADBB43D}.Release|x64.Build.0 = Release|Any CPU
		{E8190803-5033-41E9-BA74-7F865ADBB43D}.Release|x86.ActiveCfg = Release|Any CPU
		{E8190803-5033-41E9-BA74-7F865ADBB43D}.Release|x86.Build.0 = Release|Any CPU
		{3E42C733-F9F6-426D-9620-F636E3424EFE}.Debug|Any CPU.ActiveCfg = Debug|Any CPU
		{3E42C733-F9F6-426D-9620-F636E3424EFE}.Debug|Any CPU.Build.0 = Debug|Any CPU
		{3E42C733-F9F6-426D-9620-F636E3424EFE}.Debug|ARM.ActiveCfg = Debug|Any CPU
		{3E42C733-F9F6-426D-9620-F636E3424EFE}.Debug|ARM.Build.0 = Debug|Any CPU
		{3E42C733-F9F6-426D-9620-F636E3424EFE}.Debug|iPhone.ActiveCfg = Debug|Any CPU
		{3E42C733-F9F6-426D-9620-F636E3424EFE}.Debug|iPhone.Build.0 = Debug|Any CPU
		{3E42C733-F9F6-426D-9620-F636E3424EFE}.Debug|iPhoneSimulator.ActiveCfg = Debug|Any CPU
		{3E42C733-F9F6-426D-9620-F636E3424EFE}.Debug|iPhoneSimulator.Build.0 = Debug|Any CPU
		{3E42C733-F9F6-426D-9620-F636E3424EFE}.Debug|x64.ActiveCfg = Debug|Any CPU
		{3E42C733-F9F6-426D-9620-F636E3424EFE}.Debug|x64.Build.0 = Debug|Any CPU
		{3E42C733-F9F6-426D-9620-F636E3424EFE}.Debug|x86.ActiveCfg = Debug|Any CPU
		{3E42C733-F9F6-426D-9620-F636E3424EFE}.Debug|x86.Build.0 = Debug|Any CPU
		{3E42C733-F9F6-426D-9620-F636E3424EFE}.Release|Any CPU.ActiveCfg = Release|Any CPU
		{3E42C733-F9F6-426D-9620-F636E3424EFE}.Release|Any CPU.Build.0 = Release|Any CPU
		{3E42C733-F9F6-426D-9620-F636E3424EFE}.Release|ARM.ActiveCfg = Release|Any CPU
		{3E42C733-F9F6-426D-9620-F636E3424EFE}.Release|ARM.Build.0 = Release|Any CPU
		{3E42C733-F9F6-426D-9620-F636E3424EFE}.Release|iPhone.ActiveCfg = Release|Any CPU
		{3E42C733-F9F6-426D-9620-F636E3424EFE}.Release|iPhone.Build.0 = Release|Any CPU
		{3E42C733-F9F6-426D-9620-F636E3424EFE}.Release|iPhoneSimulator.ActiveCfg = Release|Any CPU
		{3E42C733-F9F6-426D-9620-F636E3424EFE}.Release|iPhoneSimulator.Build.0 = Release|Any CPU
		{3E42C733-F9F6-426D-9620-F636E3424EFE}.Release|x64.ActiveCfg = Release|Any CPU
		{3E42C733-F9F6-426D-9620-F636E3424EFE}.Release|x64.Build.0 = Release|Any CPU
		{3E42C733-F9F6-426D-9620-F636E3424EFE}.Release|x86.ActiveCfg = Release|Any CPU
		{3E42C733-F9F6-426D-9620-F636E3424EFE}.Release|x86.Build.0 = Release|Any CPU
	EndGlobalSection
	GlobalSection(SolutionProperties) = preSolution
		HideSolutionNode = FALSE
	EndGlobalSection
	GlobalSection(ExtensibilityGlobals) = postSolution
		SolutionGuid = {44A630AE-D59B-4A6B-8E07-1D31A1038DB5}
	EndGlobalSection
EndGlobal
